
Microsoft Visual Studio Solution File, Format Version 12.00
# Visual Studio Version 16
VisualStudioVersion = 16.0.30621.155
MinimumVisualStudioVersion = 10.0.40219.1
Project("{FAE04EC0-301F-11D3-BF4B-00C04F79EFBC}") = "Schedule.Api", "Schedule.Api\Schedule.Api.csproj", "{14BED05D-A489-4C3B-B98E-CD374D80E491}"
EndProject
Project("{FAE04EC0-301F-11D3-BF4B-00C04F79EFBC}") = "Schedule.Business", "Schedule.Business\Schedule.Business.csproj", "{4A5B56DD-5504-4BBB-996F-C1ABD76B5FF0}"
EndProject
Project("{FAE04EC0-301F-11D3-BF4B-00C04F79EFBC}") = "Schedule.Data", "Schedule.Data\Schedule.Data.csproj", "{7567247A-8200-4774-B4A7-B1F12BFBEE98}"
EndProject
Project("{2150E333-8FDC-42A3-9474-1A3956D46DE8}") = "Functions", "Functions", "{E93FDBDA-5BED-4DC7-BF47-7B4E3D9AA2BA}"
EndProject
Project("{9A19103F-16F7-4668-BE54-9A1E7A4F7556}") = "SendEmail", "Functions\SendEmail\SendEmail.csproj", "{EA891DE5-2EA9-46DC-BF72-EFC6C0D77781}"
EndProject
Global
	GlobalSection(SolutionConfigurationPlatforms) = preSolution
		Debug|Any CPU = Debug|Any CPU
		Release|Any CPU = Release|Any CPU
	EndGlobalSection
	GlobalSection(ProjectConfigurationPlatforms) = postSolution
		{14BED05D-A489-4C3B-B98E-CD374D80E491}.Debug|Any CPU.ActiveCfg = Debug|Any CPU
		{14BED05D-A489-4C3B-B98E-CD374D80E491}.Debug|Any CPU.Build.0 = Debug|Any CPU
		{14BED05D-A489-4C3B-B98E-CD374D80E491}.Release|Any CPU.ActiveCfg = Release|Any CPU
		{14BED05D-A489-4C3B-B98E-CD374D80E491}.Release|Any CPU.Build.0 = Release|Any CPU
		{4A5B56DD-5504-4BBB-996F-C1ABD76B5FF0}.Debug|Any CPU.ActiveCfg = Debug|Any CPU
		{4A5B56DD-5504-4BBB-996F-C1ABD76B5FF0}.Debug|Any CPU.Build.0 = Debug|Any CPU
		{4A5B56DD-5504-4BBB-996F-C1ABD76B5FF0}.Release|Any CPU.ActiveCfg = Release|Any CPU
		{4A5B56DD-5504-4BBB-996F-C1ABD76B5FF0}.Release|Any CPU.Build.0 = Release|Any CPU
		{7567247A-8200-4774-B4A7-B1F12BFBEE98}.Debug|Any CPU.ActiveCfg = Debug|Any CPU
		{7567247A-8200-4774-B4A7-B1F12BFBEE98}.Debug|Any CPU.Build.0 = Debug|Any CPU
		{7567247A-8200-4774-B4A7-B1F12BFBEE98}.Release|Any CPU.ActiveCfg = Release|Any CPU
		{7567247A-8200-4774-B4A7-B1F12BFBEE98}.Release|Any CPU.Build.0 = Release|Any CPU
		{EA891DE5-2EA9-46DC-BF72-EFC6C0D77781}.Debug|Any CPU.ActiveCfg = Debug|Any CPU
		{EA891DE5-2EA9-46DC-BF72-EFC6C0D77781}.Debug|Any CPU.Build.0 = Debug|Any CPU
		{EA891DE5-2EA9-46DC-BF72-EFC6C0D77781}.Release|Any CPU.ActiveCfg = Release|Any CPU
		{EA891DE5-2EA9-46DC-BF72-EFC6C0D77781}.Release|Any CPU.Build.0 = Release|Any CPU
	EndGlobalSection
	GlobalSection(SolutionProperties) = preSolution
		HideSolutionNode = FALSE
	EndGlobalSection
	GlobalSection(NestedProjects) = preSolution
		{EA891DE5-2EA9-46DC-BF72-EFC6C0D77781} = {E93FDBDA-5BED-4DC7-BF47-7B4E3D9AA2BA}
	EndGlobalSection
	GlobalSection(ExtensibilityGlobals) = postSolution
		SolutionGuid = {9D803D16-03A3-4AE4-BD45-D4555E422C55}
	EndGlobalSection
EndGlobal
